
Microsoft Visual Studio Solution File, Format Version 12.00
# Visual Studio 15
VisualStudioVersion = 15.0.26730.8
MinimumVisualStudioVersion = 10.0.40219.1
Project("{8BC9CEB8-8B4A-11D0-8D11-00A0C91BC942}") = "spline", "spline.vcxproj", "{05A8928C-8197-4124-9DEC-1A1060D4F466}"
EndProject
Global
	GlobalSection(SolutionConfigurationPlatforms) = preSolution
		Debug|x64 = Debug|x64
		Debug|x86 = Debug|x86
		Release|x64 = Release|x64
		Release|x86 = Release|x86
	EndGlobalSection
	GlobalSection(ProjectConfigurationPlatforms) = postSolution
		{05A8928C-8197-4124-9DEC-1A1060D4F466}.Debug|x64.ActiveCfg = Debug|x64
		{05A8928C-8197-4124-9DEC-1A1060D4F466}.Debug|x64.Build.0 = Debug|x64
		{05A8928C-8197-4124-9DEC-1A1060D4F466}.Debug|x86.ActiveCfg = Debug|Win32
		{05A8928C-8197-4124-9DEC-1A1060D4F466}.Debug|x86.Build.0 = Debug|Win32
		{05A8928C-8197-4124-9DEC-1A1060D4F466}.Release|x64.ActiveCfg = Release|x64
		{05A8928C-8197-4124-9DEC-1A1060D4F466}.Release|x64.Build.0 = Release|x64
		{05A8928C-8197-4124-9DEC-1A1060D4F466}.Release|x86.ActiveCfg = Release|Win32
		{05A8928C-8197-4124-9DEC-1A1060D4F466}.Release|x86.Build.0 = Release|Win32
	EndGlobalSection
	GlobalSection(SolutionProperties) = preSolution
		HideSolutionNode = FALSE
	EndGlobalSection
	GlobalSection(ExtensibilityGlobals) = postSolution
		SolutionGuid = {3CF19023-3376-4878-B7BB-1A9F1274EDCB}
	EndGlobalSection
EndGlobal
